
Microsoft Visual Studio Solution File, Format Version 12.00
# Visual Studio 15
VisualStudioVersion = 15.0.27703.2026
MinimumVisualStudioVersion = 10.0.40219.1
Project("{8BC9CEB8-8B4A-11D0-8D11-00A0C91BC942}") = "DazToUnreal", "DazToUnreal\DazToUnreal.vcxproj", "{F0D0A118-B4E0-47F8-BF65-464BB9D0BC67}"
EndProject
Project("{FAE04EC0-301F-11D3-BF4B-00C04F79EFBC}") = "DazToUnrealSetup", "DazToUnrealSetup\DazToUnrealSetup.csproj", "{A32A20BF-8FA5-4227-8E73-715F4414738C}"
EndProject
Global
	GlobalSection(SolutionConfigurationPlatforms) = preSolution
		Debug|Any CPU = Debug|Any CPU
		Debug|x64 = Debug|x64
		Debug|x86 = Debug|x86
		Release|Any CPU = Release|Any CPU
		Release|x64 = Release|x64
		Release|x86 = Release|x86
	EndGlobalSection
	GlobalSection(ProjectConfigurationPlatforms) = postSolution
		{F0D0A118-B4E0-47F8-BF65-464BB9D0BC67}.Debug|Any CPU.ActiveCfg = Debug|Win32
		{F0D0A118-B4E0-47F8-BF65-464BB9D0BC67}.Debug|x64.ActiveCfg = Debug|x64
		{F0D0A118-B4E0-47F8-BF65-464BB9D0BC67}.Debug|x64.Build.0 = Debug|x64
		{F0D0A118-B4E0-47F8-BF65-464BB9D0BC67}.Debug|x86.ActiveCfg = Debug|Win32
		{F0D0A118-B4E0-47F8-BF65-464BB9D0BC67}.Debug|x86.Build.0 = Debug|Win32
		{F0D0A118-B4E0-47F8-BF65-464BB9D0BC67}.Release|Any CPU.ActiveCfg = Release|Win32
		{F0D0A118-B4E0-47F8-BF65-464BB9D0BC67}.Release|x64.ActiveCfg = Release|x64
		{F0D0A118-B4E0-47F8-BF65-464BB9D0BC67}.Release|x64.Build.0 = Release|x64
		{F0D0A118-B4E0-47F8-BF65-464BB9D0BC67}.Release|x86.ActiveCfg = Release|Win32
		{F0D0A118-B4E0-47F8-BF65-464BB9D0BC67}.Release|x86.Build.0 = Release|Win32
		{A32A20BF-8FA5-4227-8E73-715F4414738C}.Debug|Any CPU.ActiveCfg = Debug|Any CPU
		{A32A20BF-8FA5-4227-8E73-715F4414738C}.Debug|Any CPU.Build.0 = Debug|Any CPU
		{A32A20BF-8FA5-4227-8E73-715F4414738C}.Debug|x64.ActiveCfg = Debug|Any CPU
		{A32A20BF-8FA5-4227-8E73-715F4414738C}.Debug|x64.Build.0 = Debug|Any CPU
		{A32A20BF-8FA5-4227-8E73-715F4414738C}.Debug|x86.ActiveCfg = Debug|Any CPU
		{A32A20BF-8FA5-4227-8E73-715F4414738C}.Debug|x86.Build.0 = Debug|Any CPU
		{A32A20BF-8FA5-4227-8E73-715F4414738C}.Release|Any CPU.ActiveCfg = Release|Any CPU
		{A32A20BF-8FA5-4227-8E73-715F4414738C}.Release|Any CPU.Build.0 = Release|Any CPU
		{A32A20BF-8FA5-4227-8E73-715F4414738C}.Release|x64.ActiveCfg = Release|Any CPU
		{A32A20BF-8FA5-4227-8E73-715F4414738C}.Release|x64.Build.0 = Release|Any CPU
		{A32A20BF-8FA5-4227-8E73-715F4414738C}.Release|x86.ActiveCfg = Release|Any CPU
		{A32A20BF-8FA5-4227-8E73-715F4414738C}.Release|x86.Build.0 = Release|Any CPU
	EndGlobalSection
	GlobalSection(SolutionProperties) = preSolution
		HideSolutionNode = FALSE
	EndGlobalSection
	GlobalSection(ExtensibilityGlobals) = postSolution
		SolutionGuid = {F75A51D2-0A44-43DF-A4F6-CC5EBAD72F9E}
	EndGlobalSection
EndGlobal
